<Solution>
  <Project Path="ProductCatalog.Application/ProductCatalog.Application.csproj" />
  <Project Path="ProductCatalog.Domain.Core/ProductCatalog.Domain.Core.csproj" />
  <Project Path="ProductCatalog.Infrastructure/ProductCatalog.Infrastructure.csproj" />
  <Project Path="ProductCatalog.Tests/ProductCatalog.Tests.csproj" />
  <Project Path="ProductCatalog.WebAPI/ProductCatalog.WebAPI.csproj" />
</Solution>
